
Microsoft Visual Studio Solution File, Format Version 12.00
# Visual Studio Version 17
VisualStudioVersion = 17.9.34607.119
MinimumVisualStudioVersion = 10.0.40219.1
Project("{FAE04EC0-301F-11D3-BF4B-00C04F79EFBC}") = "Minesweeper", "Minesweeper\Minesweeper.csproj", "{1125CE03-CC24-4BD4-92B9-F5F8ACFBAB4B}"
EndProject
Global
	GlobalSection(SolutionConfigurationPlatforms) = preSolution
		Debug|Any CPU = Debug|Any CPU
		Release|Any CPU = Release|Any CPU
	EndGlobalSection
	GlobalSection(ProjectConfigurationPlatforms) = postSolution
		{1125CE03-CC24-4BD4-92B9-F5F8ACFBAB4B}.Debug|Any CPU.ActiveCfg = Debug|Any CPU
		{1125CE03-CC24-4BD4-92B9-F5F8ACFBAB4B}.Debug|Any CPU.Build.0 = Debug|Any CPU
		{1125CE03-CC24-4BD4-92B9-F5F8ACFBAB4B}.Release|Any CPU.ActiveCfg = Release|Any CPU
		{1125CE03-CC24-4BD4-92B9-F5F8ACFBAB4B}.Release|Any CPU.Build.0 = Release|Any CPU
	EndGlobalSection
	GlobalSection(SolutionProperties) = preSolution
		HideSolutionNode = FALSE
	EndGlobalSection
	GlobalSection(ExtensibilityGlobals) = postSolution
		SolutionGuid = {AF2C52A1-50D8-4673-8DB0-86844EF0F577}
	EndGlobalSection
EndGlobal
